<?xml version="1.0" encoding="UTF-8" standalone="yes" ?>
<CodeBlocks_project_file>
	<FileVersion major="1" minor="6" />
	<Project>
		<Option title="AM1Reparam" />
		<Option pch_mode="2" />
		<Option compiler="gcc" />
		<Build>
			<Target title="Debug">
				<Option output="bin/Debug/AM1Reparam" prefix_auto="1" extension_auto="1" />
				<Option object_output="obj/Debug/" />
				<Option type="1" />
				<Option compiler="gcc" />
				<Compiler>
					<Add option="-g" />
				</Compiler>
			</Target>
			<Target title="Release">
				<Option output="bin/Release/AM1Reparam" prefix_auto="1" extension_auto="1" />
				<Option object_output="obj/Release/" />
				<Option type="1" />
				<Option compiler="gcc" />
				<Compiler>
					<Add option="-O2" />
				</Compiler>
				<Linker>
					<Add option="-s" />
				</Linker>
			</Target>
		</Build>
		<Compiler>
			<Add option="-std=c++11" />
			<Add option="-Wall" />
			<Add option="-fopenmp" />
			<Add directory="/usr/lib/gcc/x86_64-linux-gnu/4.6/include" />
		</Compiler>
		<Linker>
			<Add library="gomp" />
			<Add directory="/usr/lib/gcc/x86_64-linux-gnu/4.6/" />
		</Linker>
		<Unit filename="../src/core/AM1Parameters_class.cpp" />
		<Unit filename="../src/core/AM1Parameters_class.h" />
		<Unit filename="../src/core/genetic_algorithm.cpp" />
		<Unit filename="../src/core/genetic_algorithm.h" />
		<Unit filename="../src/core/memhandler_class.cpp" />
		<Unit filename="../src/core/memhandler_class.h" />
		<Unit filename="../src/main.cpp" />
		<Unit filename="../src/structs/AM1params_struct.h" />
		<Unit filename="../src/structs/coords_struct.h" />
		<Unit filename="../src/structs/genomes_struct.h" />
		<Unit filename="../src/structs/iptparams_struct.h" />
		<Unit filename="../src/utils/flaghandler_class.h" />
		<Unit filename="../src/utils/output_class.h" />
		<Unit filename="../src/utils/randlib.h" />
		<Unit filename="../src/utils/readinput_function.h" />
		<Unit filename="../src/utils/timer_class.cpp" />
		<Unit filename="../src/utils/timer_class.h" />
		<Unit filename="../src/utils/tools.h" />
		<Unit filename="../src/utils/variables.h" />
		<Extensions>
			<code_completion />
			<debugger />
		</Extensions>
	</Project>
</CodeBlocks_project_file>
